
Microsoft Visual Studio Solution File, Format Version 12.00
# Visual Studio Version 17
VisualStudioVersion = 17.6.33829.357
MinimumVisualStudioVersion = 10.0.40219.1
Project("{9A19103F-16F7-4668-BE54-9A1E7A4F7556}") = "VRChat.Synca", "VRChat.Synca\VRChat.Synca.csproj", "{EEC35EAE-C77E-4AB3-9876-F2B703345ECD}"
EndProject
Project("{9A19103F-16F7-4668-BE54-9A1E7A4F7556}") = "VRChat.Synca.API", "VRChat.Synca.API\VRChat.Synca.API.csproj", "{67672CD1-F77F-4869-B184-0262AB56603E}"
EndProject
Project("{9A19103F-16F7-4668-BE54-9A1E7A4F7556}") = "VRChat.Synca.Cli", "VRChat.Synca.Cli\VRChat.Synca.Cli.csproj", "{64574788-6958-4DB1-B940-78AEA76D9F90}"
EndProject
Global
	GlobalSection(SolutionConfigurationPlatforms) = preSolution
		Debug|Any CPU = Debug|Any CPU
		Release|Any CPU = Release|Any CPU
	EndGlobalSection
	GlobalSection(ProjectConfigurationPlatforms) = postSolution
		{EEC35EAE-C77E-4AB3-9876-F2B703345ECD}.Debug|Any CPU.ActiveCfg = Debug|Any CPU
		{EEC35EAE-C77E-4AB3-9876-F2B703345ECD}.Debug|Any CPU.Build.0 = Debug|Any CPU
		{EEC35EAE-C77E-4AB3-9876-F2B703345ECD}.Release|Any CPU.ActiveCfg = Release|Any CPU
		{EEC35EAE-C77E-4AB3-9876-F2B703345ECD}.Release|Any CPU.Build.0 = Release|Any CPU
		{67672CD1-F77F-4869-B184-0262AB56603E}.Debug|Any CPU.ActiveCfg = Debug|Any CPU
		{67672CD1-F77F-4869-B184-0262AB56603E}.Debug|Any CPU.Build.0 = Debug|Any CPU
		{67672CD1-F77F-4869-B184-0262AB56603E}.Release|Any CPU.ActiveCfg = Release|Any CPU
		{67672CD1-F77F-4869-B184-0262AB56603E}.Release|Any CPU.Build.0 = Release|Any CPU
		{64574788-6958-4DB1-B940-78AEA76D9F90}.Debug|Any CPU.ActiveCfg = Debug|Any CPU
		{64574788-6958-4DB1-B940-78AEA76D9F90}.Debug|Any CPU.Build.0 = Debug|Any CPU
		{64574788-6958-4DB1-B940-78AEA76D9F90}.Release|Any CPU.ActiveCfg = Release|Any CPU
		{64574788-6958-4DB1-B940-78AEA76D9F90}.Release|Any CPU.Build.0 = Release|Any CPU
	EndGlobalSection
	GlobalSection(SolutionProperties) = preSolution
		HideSolutionNode = FALSE
	EndGlobalSection
	GlobalSection(ExtensibilityGlobals) = postSolution
		SolutionGuid = {657E2D31-13B0-4757-AD06-C267180E84D9}
	EndGlobalSection
EndGlobal
